
Microsoft Visual Studio Solution File, Format Version 12.00
# Visual Studio Version 16
VisualStudioVersion = 16.0.30907.101
MinimumVisualStudioVersion = 10.0.40219.1
Project("{2150E333-8FDC-42A3-9474-1A3956D46DE8}") = "Solution Items", "Solution Items", "{42F4DAF9-FE5B-4FEB-8446-D9754B09E414}"
	ProjectSection(SolutionItems) = preProject
		background.dat = background.dat
		decisionTreeData.dat = decisionTreeData.dat
		signal.dat = signal.dat
	EndProjectSection
EndProject
Project("{FAE04EC0-301F-11D3-BF4B-00C04F79EFBC}") = "DecisionTree", "DecisionTree\DecisionTree.csproj", "{E46749D8-FF94-4C60-AA25-62845E8FCC98}"
EndProject
Global
	GlobalSection(SolutionConfigurationPlatforms) = preSolution
		Debug|Any CPU = Debug|Any CPU
		Release|Any CPU = Release|Any CPU
	EndGlobalSection
	GlobalSection(ProjectConfigurationPlatforms) = postSolution
		{E46749D8-FF94-4C60-AA25-62845E8FCC98}.Debug|Any CPU.ActiveCfg = Debug|Any CPU
		{E46749D8-FF94-4C60-AA25-62845E8FCC98}.Debug|Any CPU.Build.0 = Debug|Any CPU
		{E46749D8-FF94-4C60-AA25-62845E8FCC98}.Release|Any CPU.ActiveCfg = Release|Any CPU
		{E46749D8-FF94-4C60-AA25-62845E8FCC98}.Release|Any CPU.Build.0 = Release|Any CPU
	EndGlobalSection
	GlobalSection(SolutionProperties) = preSolution
		HideSolutionNode = FALSE
	EndGlobalSection
	GlobalSection(ExtensibilityGlobals) = postSolution
		SolutionGuid = {825C8439-B1FB-4432-81EC-69283BE03297}
	EndGlobalSection
EndGlobal
